
Microsoft Visual Studio Solution File, Format Version 12.00
# Visual Studio Version 16
VisualStudioVersion = 16.0.30413.136
MinimumVisualStudioVersion = 10.0.40219.1
Project("{9A19103F-16F7-4668-BE54-9A1E7A4F7556}") = "OnlineAppointment", "OnlineAppointment\OnlineAppointment.csproj", "{B9285D27-C2FC-44D4-BA66-95FDC4D99C13}"
EndProject
Project("{FAE04EC0-301F-11D3-BF4B-00C04F79EFBC}") = "OnlineAppointmentTest", "OnlineAppointmentTest\OnlineAppointmentTest.csproj", "{CA9038F5-ABC1-427E-BBCA-336F9B63842C}"
EndProject
Global
	GlobalSection(SolutionConfigurationPlatforms) = preSolution
		Debug|Any CPU = Debug|Any CPU
		Release|Any CPU = Release|Any CPU
	EndGlobalSection
	GlobalSection(ProjectConfigurationPlatforms) = postSolution
		{B9285D27-C2FC-44D4-BA66-95FDC4D99C13}.Debug|Any CPU.ActiveCfg = Debug|Any CPU
		{B9285D27-C2FC-44D4-BA66-95FDC4D99C13}.Debug|Any CPU.Build.0 = Debug|Any CPU
		{B9285D27-C2FC-44D4-BA66-95FDC4D99C13}.Release|Any CPU.ActiveCfg = Release|Any CPU
		{B9285D27-C2FC-44D4-BA66-95FDC4D99C13}.Release|Any CPU.Build.0 = Release|Any CPU
		{CA9038F5-ABC1-427E-BBCA-336F9B63842C}.Debug|Any CPU.ActiveCfg = Debug|Any CPU
		{CA9038F5-ABC1-427E-BBCA-336F9B63842C}.Debug|Any CPU.Build.0 = Debug|Any CPU
		{CA9038F5-ABC1-427E-BBCA-336F9B63842C}.Release|Any CPU.ActiveCfg = Release|Any CPU
		{CA9038F5-ABC1-427E-BBCA-336F9B63842C}.Release|Any CPU.Build.0 = Release|Any CPU
	EndGlobalSection
	GlobalSection(SolutionProperties) = preSolution
		HideSolutionNode = FALSE
	EndGlobalSection
	GlobalSection(ExtensibilityGlobals) = postSolution
		SolutionGuid = {0056221F-065C-44B6-AC3A-C88079F0C723}
	EndGlobalSection
EndGlobal
